// !$*UTF8*$!
{
	archiveVersion = 1;
	classes = {
	};
	objectVersion = 46;
	objects = {

/* Begin PBXBuildFile section */
		E00086C91F428C1800F2AFD0 /* Then.swift in Sources */ = {isa = PBXBuildFile; fileRef = E00086C81F428C1800F2AFD0 /* Then.swift */; };
		E023CBA61E9639DB00F91145 /* RxCocoa.framework in Frameworks */ = {isa = PBXBuildFile; fileRef = E023CBA31E9639DB00F91145 /* RxCocoa.framework */; };
		E023CBA71E9639DB00F91145 /* RxSwift.framework in Frameworks */ = {isa = PBXBuildFile; fileRef = E023CBA41E9639DB00F91145 /* RxSwift.framework */; };
		E023CBAA1E963A3000F91145 /* NSObject+Rx.swift in Sources */ = {isa = PBXBuildFile; fileRef = E023CBA91E963A3000F91145 /* NSObject+Rx.swift */; };
		E023CBAF1E963AC400F91145 /* ObservableType+Ex.swift in Sources */ = {isa = PBXBuildFile; fileRef = E023CBAE1E963AC400F91145 /* ObservableType+Ex.swift */; };
		E023CBB11E963E3700F91145 /* AnyOptional.swift in Sources */ = {isa = PBXBuildFile; fileRef = E023CBB01E963E3700F91145 /* AnyOptional.swift */; };
		E023CBB81E963EEB00F91145 /* SFSafariViewController+Ex.swift in Sources */ = {isa = PBXBuildFile; fileRef = E023CBB71E963EEB00F91145 /* SFSafariViewController+Ex.swift */; };
		E023CBBA1E96483100F91145 /* SFSafariViewController+Rx.swift in Sources */ = {isa = PBXBuildFile; fileRef = E023CBB91E96483100F91145 /* SFSafariViewController+Rx.swift */; };
		E023CBBC1E964A4000F91145 /* Operators.swift in Sources */ = {isa = PBXBuildFile; fileRef = E023CBBB1E964A4000F91145 /* Operators.swift */; };
		E023CBBE1E964CE300F91145 /* URL+Ex.swift in Sources */ = {isa = PBXBuildFile; fileRef = E023CBBD1E964CE300F91145 /* URL+Ex.swift */; };
		E023CBC31E964E5C00F91145 /* RxCocoa.framework in Resources */ = {isa = PBXBuildFile; fileRef = E023CBA31E9639DB00F91145 /* RxCocoa.framework */; };
		E023CBC41E964E5C00F91145 /* RxSwift.framework in Resources */ = {isa = PBXBuildFile; fileRef = E023CBA41E9639DB00F91145 /* RxSwift.framework */; };
		E023CBC51E964E8300F91145 /* RxCocoa.framework in Frameworks */ = {isa = PBXBuildFile; fileRef = E023CBA31E9639DB00F91145 /* RxCocoa.framework */; };
		E023CBC61E964E8300F91145 /* RxSwift.framework in Frameworks */ = {isa = PBXBuildFile; fileRef = E023CBA41E9639DB00F91145 /* RxSwift.framework */; };
		E0443B8E1E8F9EDE003457DF /* Asuha.framework in Frameworks */ = {isa = PBXBuildFile; fileRef = E0443B841E8F9EDE003457DF /* Asuha.framework */; };
		E0443B931E8F9EDE003457DF /* AsuhaTests.swift in Sources */ = {isa = PBXBuildFile; fileRef = E0443B921E8F9EDE003457DF /* AsuhaTests.swift */; };
		E0443B951E8F9EDE003457DF /* Asuha.h in Headers */ = {isa = PBXBuildFile; fileRef = E0443B871E8F9EDE003457DF /* Asuha.h */; settings = {ATTRIBUTES = (Public, ); }; };
		E0443BAB1E8FA0BE003457DF /* NSObject+Ex.swift in Sources */ = {isa = PBXBuildFile; fileRef = E0443BAA1E8FA0BE003457DF /* NSObject+Ex.swift */; };
		E0443BB01E8FA0D6003457DF /* UICollectionView+Ex.swift in Sources */ = {isa = PBXBuildFile; fileRef = E0443BAC1E8FA0D6003457DF /* UICollectionView+Ex.swift */; };
		E0443BB11E8FA0D6003457DF /* UIColor+Ex.swift in Sources */ = {isa = PBXBuildFile; fileRef = E0443BAD1E8FA0D6003457DF /* UIColor+Ex.swift */; };
		E0443BB21E8FA0D6003457DF /* UIImageView+Ex.swift in Sources */ = {isa = PBXBuildFile; fileRef = E0443BAE1E8FA0D6003457DF /* UIImageView+Ex.swift */; };
		E0443BB31E8FA0D6003457DF /* UITableView+Ex.swift in Sources */ = {isa = PBXBuildFile; fileRef = E0443BAF1E8FA0D6003457DF /* UITableView+Ex.swift */; };
		E0443BB51E8FA254003457DF /* UIView+Ex.swift in Sources */ = {isa = PBXBuildFile; fileRef = E0443BB41E8FA254003457DF /* UIView+Ex.swift */; };
		E0443BB71E8FA320003457DF /* String+Ex.swift in Sources */ = {isa = PBXBuildFile; fileRef = E0443BB61E8FA320003457DF /* String+Ex.swift */; };
		E0443BB91E8FA356003457DF /* UIBarButtonItem+Ex.swift in Sources */ = {isa = PBXBuildFile; fileRef = E0443BB81E8FA356003457DF /* UIBarButtonItem+Ex.swift */; };
		E0443BBB1E8FA46F003457DF /* Array+Ex.swift in Sources */ = {isa = PBXBuildFile; fileRef = E0443BBA1E8FA46F003457DF /* Array+Ex.swift */; };
		E0443BBD1E8FA4FD003457DF /* UIViewController+Ex.swift in Sources */ = {isa = PBXBuildFile; fileRef = E0443BBC1E8FA4FD003457DF /* UIViewController+Ex.swift */; };
		E0443BBF1E8FA546003457DF /* Dictionary+Ex.swift in Sources */ = {isa = PBXBuildFile; fileRef = E0443BBE1E8FA546003457DF /* Dictionary+Ex.swift */; };
		E05A38BC1E924093002A259A /* Bool+Ex.swift in Sources */ = {isa = PBXBuildFile; fileRef = E05A38BB1E924093002A259A /* Bool+Ex.swift */; };
		E082B0911E90EFFA00379183 /* Enum+Ex.swift in Sources */ = {isa = PBXBuildFile; fileRef = E082B0901E90EFFA00379183 /* Enum+Ex.swift */; };
		E09329341ED9713300F2EEB5 /* RxCocoa.framework in Sources */ = {isa = PBXBuildFile; fileRef = E023CBA31E9639DB00F91145 /* RxCocoa.framework */; };
		E0CBBA681ECFB43200EA6108 /* AnyObserver+Ex.swift in Sources */ = {isa = PBXBuildFile; fileRef = E0CBBA611ECFB43200EA6108 /* AnyObserver+Ex.swift */; };
		E0CBBA691ECFB43200EA6108 /* Driver+Ex.swift in Sources */ = {isa = PBXBuildFile; fileRef = E0CBBA621ECFB43200EA6108 /* Driver+Ex.swift */; };
		E0CBBA6A1ECFB43200EA6108 /* PHImageManager+Rx.swift in Sources */ = {isa = PBXBuildFile; fileRef = E0CBBA631ECFB43200EA6108 /* PHImageManager+Rx.swift */; };
		E0CBBA6B1ECFB43200EA6108 /* UILabel+Rx.swift in Sources */ = {isa = PBXBuildFile; fileRef = E0CBBA641ECFB43200EA6108 /* UILabel+Rx.swift */; };
		E0CBBA6C1ECFB43200EA6108 /* UIScrollView+Rx.swift in Sources */ = {isa = PBXBuildFile; fileRef = E0CBBA651ECFB43200EA6108 /* UIScrollView+Rx.swift */; };
		E0CBBA6D1ECFB43200EA6108 /* UIView+Rx.swift in Sources */ = {isa = PBXBuildFile; fileRef = E0CBBA661ECFB43200EA6108 /* UIView+Rx.swift */; };
		E0CBBA6E1ECFB43200EA6108 /* Variable+Ex.swift in Sources */ = {isa = PBXBuildFile; fileRef = E0CBBA671ECFB43200EA6108 /* Variable+Ex.swift */; };
		E0CBBA721ECFB44000EA6108 /* UIAlertController+Ex.swift in Sources */ = {isa = PBXBuildFile; fileRef = E0CBBA6F1ECFB44000EA6108 /* UIAlertController+Ex.swift */; };
		E0CBBA731ECFB44000EA6108 /* UIApplication+Ex.swift in Sources */ = {isa = PBXBuildFile; fileRef = E0CBBA701ECFB44000EA6108 /* UIApplication+Ex.swift */; };
		E0CBBA741ECFB44000EA6108 /* UIBarButtonItem.swift in Sources */ = {isa = PBXBuildFile; fileRef = E0CBBA711ECFB44000EA6108 /* UIBarButtonItem.swift */; };
		E0CBBA761ECFB45000EA6108 /* LazyVariable.swift in Sources */ = {isa = PBXBuildFile; fileRef = E0CBBA751ECFB45000EA6108 /* LazyVariable.swift */; };
		E0CBBA781ECFBAAA00EA6108 /* Undefined.swift in Sources */ = {isa = PBXBuildFile; fileRef = E0CBBA771ECFBAAA00EA6108 /* Undefined.swift */; };
		E0F768A41F18580D00993490 /* Asuha.swift in Sources */ = {isa = PBXBuildFile; fileRef = E0F768A31F18580D00993490 /* Asuha.swift */; };
		E0F768A61F18586900993490 /* Require.swift in Sources */ = {isa = PBXBuildFile; fileRef = E0F768A51F18586900993490 /* Require.swift */; };
/* End PBXBuildFile section */

/* Begin PBXContainerItemProxy section */
		E0443B8F1E8F9EDE003457DF /* PBXContainerItemProxy */ = {
			isa = PBXContainerItemProxy;
			containerPortal = E0443B7B1E8F9EDE003457DF /* Project object */;
			proxyType = 1;
			remoteGlobalIDString = E0443B831E8F9EDE003457DF;
			remoteInfo = Asuha;
		};
/* End PBXContainerItemProxy section */

/* Begin PBXFileReference section */
		E00086C81F428C1800F2AFD0 /* Then.swift */ = {isa = PBXFileReference; fileEncoding = 4; lastKnownFileType = sourcecode.swift; path = Then.swift; sourceTree = "<group>"; };
		E023CBA21E9639DB00F91145 /* RxBlocking.framework */ = {isa = PBXFileReference; lastKnownFileType = wrapper.framework; name = RxBlocking.framework; path = Carthage/Build/iOS/RxBlocking.framework; sourceTree = "<group>"; };
		E023CBA31E9639DB00F91145 /* RxCocoa.framework */ = {isa = PBXFileReference; lastKnownFileType = wrapper.framework; name = RxCocoa.framework; path = Carthage/Build/iOS/RxCocoa.framework; sourceTree = "<group>"; };
		E023CBA41E9639DB00F91145 /* RxSwift.framework */ = {isa = PBXFileReference; lastKnownFileType = wrapper.framework; name = RxSwift.framework; path = Carthage/Build/iOS/RxSwift.framework; sourceTree = "<group>"; };
		E023CBA91E963A3000F91145 /* NSObject+Rx.swift */ = {isa = PBXFileReference; fileEncoding = 4; lastKnownFileType = sourcecode.swift; path = "NSObject+Rx.swift"; sourceTree = "<group>"; };
		E023CBAE1E963AC400F91145 /* ObservableType+Ex.swift */ = {isa = PBXFileReference; fileEncoding = 4; lastKnownFileType = sourcecode.swift; path = "ObservableType+Ex.swift"; sourceTree = "<group>"; };
		E023CBB01E963E3700F91145 /* AnyOptional.swift */ = {isa = PBXFileReference; fileEncoding = 4; lastKnownFileType = sourcecode.swift; path = AnyOptional.swift; sourceTree = "<group>"; };
		E023CBB21E963E8700F91145 /* SafariServices.framework */ = {isa = PBXFileReference; lastKnownFileType = wrapper.framework; name = SafariServices.framework; path = System/Library/Frameworks/SafariServices.framework; sourceTree = SDKROOT; };
		E023CBB41E963E8C00F91145 /* Foundation.framework */ = {isa = PBXFileReference; lastKnownFileType = wrapper.framework; name = Foundation.framework; path = System/Library/Frameworks/Foundation.framework; sourceTree = SDKROOT; };
		E023CBB71E963EEB00F91145 /* SFSafariViewController+Ex.swift */ = {isa = PBXFileReference; fileEncoding = 4; lastKnownFileType = sourcecode.swift; path = "SFSafariViewController+Ex.swift"; sourceTree = "<group>"; };
		E023CBB91E96483100F91145 /* SFSafariViewController+Rx.swift */ = {isa = PBXFileReference; fileEncoding = 4; lastKnownFileType = sourcecode.swift; path = "SFSafariViewController+Rx.swift"; sourceTree = "<group>"; };
		E023CBBB1E964A4000F91145 /* Operators.swift */ = {isa = PBXFileReference; fileEncoding = 4; lastKnownFileType = sourcecode.swift; path = Operators.swift; sourceTree = "<group>"; };
		E023CBBD1E964CE300F91145 /* URL+Ex.swift */ = {isa = PBXFileReference; fileEncoding = 4; lastKnownFileType = sourcecode.swift; path = "URL+Ex.swift"; sourceTree = "<group>"; };
		E023CBC71E964E8300F91145 /* RxTest.framework */ = {isa = PBXFileReference; lastKnownFileType = wrapper.framework; name = RxTest.framework; path = Carthage/Build/iOS/RxTest.framework; sourceTree = "<group>"; };
		E0443B841E8F9EDE003457DF /* Asuha.framework */ = {isa = PBXFileReference; explicitFileType = wrapper.framework; includeInIndex = 0; path = Asuha.framework; sourceTree = BUILT_PRODUCTS_DIR; };
		E0443B871E8F9EDE003457DF /* Asuha.h */ = {isa = PBXFileReference; lastKnownFileType = sourcecode.c.h; path = Asuha.h; sourceTree = "<group>"; };
		E0443B881E8F9EDE003457DF /* Info.plist */ = {isa = PBXFileReference; lastKnownFileType = text.plist.xml; path = Info.plist; sourceTree = "<group>"; };
		E0443B8D1E8F9EDE003457DF /* AsuhaTests.xctest */ = {isa = PBXFileReference; explicitFileType = wrapper.cfbundle; includeInIndex = 0; path = AsuhaTests.xctest; sourceTree = BUILT_PRODUCTS_DIR; };
		E0443B921E8F9EDE003457DF /* AsuhaTests.swift */ = {isa = PBXFileReference; lastKnownFileType = sourcecode.swift; path = AsuhaTests.swift; sourceTree = "<group>"; };
		E0443B941E8F9EDE003457DF /* Info.plist */ = {isa = PBXFileReference; lastKnownFileType = text.plist.xml; path = Info.plist; sourceTree = "<group>"; };
		E0443BAA1E8FA0BE003457DF /* NSObject+Ex.swift */ = {isa = PBXFileReference; fileEncoding = 4; lastKnownFileType = sourcecode.swift; path = "NSObject+Ex.swift"; sourceTree = "<group>"; };
		E0443BAC1E8FA0D6003457DF /* UICollectionView+Ex.swift */ = {isa = PBXFileReference; fileEncoding = 4; lastKnownFileType = sourcecode.swift; path = "UICollectionView+Ex.swift"; sourceTree = "<group>"; };
		E0443BAD1E8FA0D6003457DF /* UIColor+Ex.swift */ = {isa = PBXFileReference; fileEncoding = 4; lastKnownFileType = sourcecode.swift; path = "UIColor+Ex.swift"; sourceTree = "<group>"; };
		E0443BAE1E8FA0D6003457DF /* UIImageView+Ex.swift */ = {isa = PBXFileReference; fileEncoding = 4; lastKnownFileType = sourcecode.swift; path = "UIImageView+Ex.swift"; sourceTree = "<group>"; };
		E0443BAF1E8FA0D6003457DF /* UITableView+Ex.swift */ = {isa = PBXFileReference; fileEncoding = 4; lastKnownFileType = sourcecode.swift; path = "UITableView+Ex.swift"; sourceTree = "<group>"; };
		E0443BB41E8FA254003457DF /* UIView+Ex.swift */ = {isa = PBXFileReference; fileEncoding = 4; lastKnownFileType = sourcecode.swift; path = "UIView+Ex.swift"; sourceTree = "<group>"; };
		E0443BB61E8FA320003457DF /* String+Ex.swift */ = {isa = PBXFileReference; fileEncoding = 4; lastKnownFileType = sourcecode.swift; path = "String+Ex.swift"; sourceTree = "<group>"; };
		E0443BB81E8FA356003457DF /* UIBarButtonItem+Ex.swift */ = {isa = PBXFileReference; fileEncoding = 4; lastKnownFileType = sourcecode.swift; path = "UIBarButtonItem+Ex.swift"; sourceTree = "<group>"; };
		E0443BBA1E8FA46F003457DF /* Array+Ex.swift */ = {isa = PBXFileReference; fileEncoding = 4; lastKnownFileType = sourcecode.swift; path = "Array+Ex.swift"; sourceTree = "<group>"; };
		E0443BBC1E8FA4FD003457DF /* UIViewController+Ex.swift */ = {isa = PBXFileReference; fileEncoding = 4; lastKnownFileType = sourcecode.swift; path = "UIViewController+Ex.swift"; sourceTree = "<group>"; };
		E0443BBE1E8FA546003457DF /* Dictionary+Ex.swift */ = {isa = PBXFileReference; fileEncoding = 4; lastKnownFileType = sourcecode.swift; path = "Dictionary+Ex.swift"; sourceTree = "<group>"; };
		E05A38BB1E924093002A259A /* Bool+Ex.swift */ = {isa = PBXFileReference; fileEncoding = 4; lastKnownFileType = sourcecode.swift; path = "Bool+Ex.swift"; sourceTree = "<group>"; };
		E082B0901E90EFFA00379183 /* Enum+Ex.swift */ = {isa = PBXFileReference; fileEncoding = 4; lastKnownFileType = sourcecode.swift; path = "Enum+Ex.swift"; sourceTree = "<group>"; };
		E0CBBA611ECFB43200EA6108 /* AnyObserver+Ex.swift */ = {isa = PBXFileReference; fileEncoding = 4; lastKnownFileType = sourcecode.swift; path = "AnyObserver+Ex.swift"; sourceTree = "<group>"; };
		E0CBBA621ECFB43200EA6108 /* Driver+Ex.swift */ = {isa = PBXFileReference; fileEncoding = 4; lastKnownFileType = sourcecode.swift; path = "Driver+Ex.swift"; sourceTree = "<group>"; };
		E0CBBA631ECFB43200EA6108 /* PHImageManager+Rx.swift */ = {isa = PBXFileReference; fileEncoding = 4; lastKnownFileType = sourcecode.swift; path = "PHImageManager+Rx.swift"; sourceTree = "<group>"; };
		E0CBBA641ECFB43200EA6108 /* UILabel+Rx.swift */ = {isa = PBXFileReference; fileEncoding = 4; lastKnownFileType = sourcecode.swift; path = "UILabel+Rx.swift"; sourceTree = "<group>"; };
		E0CBBA651ECFB43200EA6108 /* UIScrollView+Rx.swift */ = {isa = PBXFileReference; fileEncoding = 4; lastKnownFileType = sourcecode.swift; path = "UIScrollView+Rx.swift"; sourceTree = "<group>"; };
		E0CBBA661ECFB43200EA6108 /* UIView+Rx.swift */ = {isa = PBXFileReference; fileEncoding = 4; lastKnownFileType = sourcecode.swift; path = "UIView+Rx.swift"; sourceTree = "<group>"; };
		E0CBBA671ECFB43200EA6108 /* Variable+Ex.swift */ = {isa = PBXFileReference; fileEncoding = 4; lastKnownFileType = sourcecode.swift; path = "Variable+Ex.swift"; sourceTree = "<group>"; };
		E0CBBA6F1ECFB44000EA6108 /* UIAlertController+Ex.swift */ = {isa = PBXFileReference; fileEncoding = 4; lastKnownFileType = sourcecode.swift; path = "UIAlertController+Ex.swift"; sourceTree = "<group>"; };
		E0CBBA701ECFB44000EA6108 /* UIApplication+Ex.swift */ = {isa = PBXFileReference; fileEncoding = 4; lastKnownFileType = sourcecode.swift; path = "UIApplication+Ex.swift"; sourceTree = "<group>"; };
		E0CBBA711ECFB44000EA6108 /* UIBarButtonItem.swift */ = {isa = PBXFileReference; fileEncoding = 4; lastKnownFileType = sourcecode.swift; path = UIBarButtonItem.swift; sourceTree = "<group>"; };
		E0CBBA751ECFB45000EA6108 /* LazyVariable.swift */ = {isa = PBXFileReference; fileEncoding = 4; lastKnownFileType = sourcecode.swift; path = LazyVariable.swift; sourceTree = "<group>"; };
		E0CBBA771ECFBAAA00EA6108 /* Undefined.swift */ = {isa = PBXFileReference; fileEncoding = 4; lastKnownFileType = sourcecode.swift; path = Undefined.swift; sourceTree = "<group>"; };
		E0F768A31F18580D00993490 /* Asuha.swift */ = {isa = PBXFileReference; fileEncoding = 4; lastKnownFileType = sourcecode.swift; path = Asuha.swift; sourceTree = "<group>"; };
		E0F768A51F18586900993490 /* Require.swift */ = {isa = PBXFileReference; fileEncoding = 4; lastKnownFileType = sourcecode.swift; path = Require.swift; sourceTree = "<group>"; };
/* End PBXFileReference section */

/* Begin PBXFrameworksBuildPhase section */
		E0443B801E8F9EDE003457DF /* Frameworks */ = {
			isa = PBXFrameworksBuildPhase;
			buildActionMask = 2147483647;
			files = (
				E023CBA61E9639DB00F91145 /* RxCocoa.framework in Frameworks */,
				E023CBA71E9639DB00F91145 /* RxSwift.framework in Frameworks */,
			);
			runOnlyForDeploymentPostprocessing = 0;
		};
		E0443B8A1E8F9EDE003457DF /* Frameworks */ = {
			isa = PBXFrameworksBuildPhase;
			buildActionMask = 2147483647;
			files = (
				E023CBC51E964E8300F91145 /* RxCocoa.framework in Frameworks */,
				E023CBC61E964E8300F91145 /* RxSwift.framework in Frameworks */,
				E0443B8E1E8F9EDE003457DF /* Asuha.framework in Frameworks */,
			);
			runOnlyForDeploymentPostprocessing = 0;
		};
/* End PBXFrameworksBuildPhase section */

/* Begin PBXGroup section */
		E023CBA11E9639D900F91145 /* Frameworks */ = {
			isa = PBXGroup;
			children = (
				E023CBC71E964E8300F91145 /* RxTest.framework */,
				E023CBB41E963E8C00F91145 /* Foundation.framework */,
				E023CBB21E963E8700F91145 /* SafariServices.framework */,
				E023CBA21E9639DB00F91145 /* RxBlocking.framework */,
				E023CBA31E9639DB00F91145 /* RxCocoa.framework */,
				E023CBA41E9639DB00F91145 /* RxSwift.framework */,
			);
			name = Frameworks;
			sourceTree = "<group>";
		};
		E023CBA81E9639E800F91145 /* Rx */ = {
			isa = PBXGroup;
			children = (
				E023CBA91E963A3000F91145 /* NSObject+Rx.swift */,
				E023CBAE1E963AC400F91145 /* ObservableType+Ex.swift */,
				E023CBB01E963E3700F91145 /* AnyOptional.swift */,
				E0CBBA611ECFB43200EA6108 /* AnyObserver+Ex.swift */,
				E0CBBA621ECFB43200EA6108 /* Driver+Ex.swift */,
				E0CBBA631ECFB43200EA6108 /* PHImageManager+Rx.swift */,
				E0CBBA641ECFB43200EA6108 /* UILabel+Rx.swift */,
				E0CBBA651ECFB43200EA6108 /* UIScrollView+Rx.swift */,
				E0CBBA661ECFB43200EA6108 /* UIView+Rx.swift */,
				E0CBBA671ECFB43200EA6108 /* Variable+Ex.swift */,
				E0CBBA751ECFB45000EA6108 /* LazyVariable.swift */,
			);
			path = Rx;
			sourceTree = "<group>";
		};
		E023CBB61E963EB900F91145 /* SafariServices */ = {
			isa = PBXGroup;
			children = (
				E023CBB71E963EEB00F91145 /* SFSafariViewController+Ex.swift */,
				E023CBB91E96483100F91145 /* SFSafariViewController+Rx.swift */,
			);
			path = SafariServices;
			sourceTree = "<group>";
		};
		E0443B7A1E8F9EDE003457DF = {
			isa = PBXGroup;
			children = (
				E0443B861E8F9EDE003457DF /* Asuha */,
				E0443B911E8F9EDE003457DF /* AsuhaTests */,
				E0443B851E8F9EDE003457DF /* Products */,
				E023CBA11E9639D900F91145 /* Frameworks */,
			);
			sourceTree = "<group>";
		};
		E0443B851E8F9EDE003457DF /* Products */ = {
			isa = PBXGroup;
			children = (
				E0443B841E8F9EDE003457DF /* Asuha.framework */,
				E0443B8D1E8F9EDE003457DF /* AsuhaTests.xctest */,
			);
			name = Products;
			sourceTree = "<group>";
		};
		E0443B861E8F9EDE003457DF /* Asuha */ = {
			isa = PBXGroup;
			children = (
				E0443B871E8F9EDE003457DF /* Asuha.h */,
				E0F768A31F18580D00993490 /* Asuha.swift */,
				E00086C81F428C1800F2AFD0 /* Then.swift */,
				E023CBB61E963EB900F91145 /* SafariServices */,
				E023CBA81E9639E800F91145 /* Rx */,
				E0443BA31E8F9FC1003457DF /* Foundation */,
				E0443BA21E8F9F91003457DF /* UIKit */,
				E0443B881E8F9EDE003457DF /* Info.plist */,
			);
			path = Asuha;
			sourceTree = "<group>";
		};
		E0443B911E8F9EDE003457DF /* AsuhaTests */ = {
			isa = PBXGroup;
			children = (
				E0443B921E8F9EDE003457DF /* AsuhaTests.swift */,
				E0443B941E8F9EDE003457DF /* Info.plist */,
			);
			path = AsuhaTests;
			sourceTree = "<group>";
		};
		E0443BA21E8F9F91003457DF /* UIKit */ = {
			isa = PBXGroup;
			children = (
				E0443BAD1E8FA0D6003457DF /* UIColor+Ex.swift */,
				E0443BAE1E8FA0D6003457DF /* UIImageView+Ex.swift */,
				E0443BAF1E8FA0D6003457DF /* UITableView+Ex.swift */,
				E0443BAC1E8FA0D6003457DF /* UICollectionView+Ex.swift */,
				E0443BB41E8FA254003457DF /* UIView+Ex.swift */,
				E0CBBA6F1ECFB44000EA6108 /* UIAlertController+Ex.swift */,
				E0CBBA701ECFB44000EA6108 /* UIApplication+Ex.swift */,
				E0CBBA711ECFB44000EA6108 /* UIBarButtonItem.swift */,
				E0443BBC1E8FA4FD003457DF /* UIViewController+Ex.swift */,
				E0443BB81E8FA356003457DF /* UIBarButtonItem+Ex.swift */,
			);
			path = UIKit;
			sourceTree = "<group>";
		};
		E0443BA31E8F9FC1003457DF /* Foundation */ = {
			isa = PBXGroup;
			children = (
				E0443BAA1E8FA0BE003457DF /* NSObject+Ex.swift */,
				E0443BB61E8FA320003457DF /* String+Ex.swift */,
				E0443BBA1E8FA46F003457DF /* Array+Ex.swift */,
				E0443BBE1E8FA546003457DF /* Dictionary+Ex.swift */,
				E082B0901E90EFFA00379183 /* Enum+Ex.swift */,
				E05A38BB1E924093002A259A /* Bool+Ex.swift */,
				E023CBBB1E964A4000F91145 /* Operators.swift */,
				E023CBBD1E964CE300F91145 /* URL+Ex.swift */,
				E0CBBA771ECFBAAA00EA6108 /* Undefined.swift */,
				E0F768A51F18586900993490 /* Require.swift */,
			);
			path = Foundation;
			sourceTree = "<group>";
		};
/* End PBXGroup section */

/* Begin PBXHeadersBuildPhase section */
		E0443B811E8F9EDE003457DF /* Headers */ = {
			isa = PBXHeadersBuildPhase;
			buildActionMask = 2147483647;
			files = (
				E0443B951E8F9EDE003457DF /* Asuha.h in Headers */,
			);
			runOnlyForDeploymentPostprocessing = 0;
		};
/* End PBXHeadersBuildPhase section */

/* Begin PBXNativeTarget section */
		E0443B831E8F9EDE003457DF /* Asuha */ = {
			isa = PBXNativeTarget;
			buildConfigurationList = E0443B981E8F9EDE003457DF /* Build configuration list for PBXNativeTarget "Asuha" */;
			buildPhases = (
				E0443B7F1E8F9EDE003457DF /* Sources */,
				E0443B801E8F9EDE003457DF /* Frameworks */,
				E0443B811E8F9EDE003457DF /* Headers */,
				E0443B821E8F9EDE003457DF /* Resources */,
			);
			buildRules = (
			);
			dependencies = (
			);
			name = Asuha;
			productName = Asuha;
			productReference = E0443B841E8F9EDE003457DF /* Asuha.framework */;
			productType = "com.apple.product-type.framework";
		};
		E0443B8C1E8F9EDE003457DF /* AsuhaTests */ = {
			isa = PBXNativeTarget;
			buildConfigurationList = E0443B9B1E8F9EDE003457DF /* Build configuration list for PBXNativeTarget "AsuhaTests" */;
			buildPhases = (
				E0443B891E8F9EDE003457DF /* Sources */,
				E0443B8A1E8F9EDE003457DF /* Frameworks */,
				E0443B8B1E8F9EDE003457DF /* Resources */,
			);
			buildRules = (
			);
			dependencies = (
				E0443B901E8F9EDE003457DF /* PBXTargetDependency */,
			);
			name = AsuhaTests;
			productName = AsuhaTests;
			productReference = E0443B8D1E8F9EDE003457DF /* AsuhaTests.xctest */;
			productType = "com.apple.product-type.bundle.unit-test";
		};
/* End PBXNativeTarget section */

/* Begin PBXProject section */
		E0443B7B1E8F9EDE003457DF /* Project object */ = {
			isa = PBXProject;
			attributes = {
				LastSwiftUpdateCheck = 0820;
				LastUpgradeCheck = 0900;
				ORGANIZATIONNAME = bangohan;
				TargetAttributes = {
					E0443B831E8F9EDE003457DF = {
						CreatedOnToolsVersion = 8.2.1;
						DevelopmentTeam = K677BRB35L;
						LastSwiftMigration = 0900;
						ProvisioningStyle = Automatic;
					};
					E0443B8C1E8F9EDE003457DF = {
						CreatedOnToolsVersion = 8.2.1;
						DevelopmentTeam = K677BRB35L;
						LastSwiftMigration = 0900;
						ProvisioningStyle = Automatic;
					};
				};
			};
			buildConfigurationList = E0443B7E1E8F9EDE003457DF /* Build configuration list for PBXProject "Asuha" */;
			compatibilityVersion = "Xcode 3.2";
			developmentRegion = English;
			hasScannedForEncodings = 0;
			knownRegions = (
				en,
			);
			mainGroup = E0443B7A1E8F9EDE003457DF;
			productRefGroup = E0443B851E8F9EDE003457DF /* Products */;
			projectDirPath = "";
			projectRoot = "";
			targets = (
				E0443B831E8F9EDE003457DF /* Asuha */,
				E0443B8C1E8F9EDE003457DF /* AsuhaTests */,
			);
		};
/* End PBXProject section */

/* Begin PBXResourcesBuildPhase section */
		E0443B821E8F9EDE003457DF /* Resources */ = {
			isa = PBXResourcesBuildPhase;
			buildActionMask = 2147483647;
			files = (
			);
			runOnlyForDeploymentPostprocessing = 0;
		};
		E0443B8B1E8F9EDE003457DF /* Resources */ = {
			isa = PBXResourcesBuildPhase;
			buildActionMask = 2147483647;
			files = (
				E023CBC31E964E5C00F91145 /* RxCocoa.framework in Resources */,
				E023CBC41E964E5C00F91145 /* RxSwift.framework in Resources */,
			);
			runOnlyForDeploymentPostprocessing = 0;
		};
/* End PBXResourcesBuildPhase section */

/* Begin PBXSourcesBuildPhase section */
		E0443B7F1E8F9EDE003457DF /* Sources */ = {
			isa = PBXSourcesBuildPhase;
			buildActionMask = 2147483647;
			files = (
				E0443BB11E8FA0D6003457DF /* UIColor+Ex.swift in Sources */,
				E082B0911E90EFFA00379183 /* Enum+Ex.swift in Sources */,
				E0CBBA6A1ECFB43200EA6108 /* PHImageManager+Rx.swift in Sources */,
				E0F768A61F18586900993490 /* Require.swift in Sources */,
				E0443BBD1E8FA4FD003457DF /* UIViewController+Ex.swift in Sources */,
				E0CBBA6C1ECFB43200EA6108 /* UIScrollView+Rx.swift in Sources */,
				E0443BB91E8FA356003457DF /* UIBarButtonItem+Ex.swift in Sources */,
				E0CBBA761ECFB45000EA6108 /* LazyVariable.swift in Sources */,
				E05A38BC1E924093002A259A /* Bool+Ex.swift in Sources */,
				E0CBBA721ECFB44000EA6108 /* UIAlertController+Ex.swift in Sources */,
				E0CBBA6B1ECFB43200EA6108 /* UILabel+Rx.swift in Sources */,
				E0CBBA6E1ECFB43200EA6108 /* Variable+Ex.swift in Sources */,
				E0CBBA681ECFB43200EA6108 /* AnyObserver+Ex.swift in Sources */,
				E00086C91F428C1800F2AFD0 /* Then.swift in Sources */,
				E0CBBA691ECFB43200EA6108 /* Driver+Ex.swift in Sources */,
				E0443BAB1E8FA0BE003457DF /* NSObject+Ex.swift in Sources */,
				E023CBBC1E964A4000F91145 /* Operators.swift in Sources */,
				E0CBBA6D1ECFB43200EA6108 /* UIView+Rx.swift in Sources */,
				E0443BB71E8FA320003457DF /* String+Ex.swift in Sources */,
				E0CBBA741ECFB44000EA6108 /* UIBarButtonItem.swift in Sources */,
				E0443BB31E8FA0D6003457DF /* UITableView+Ex.swift in Sources */,
				E0443BBB1E8FA46F003457DF /* Array+Ex.swift in Sources */,
				E023CBBA1E96483100F91145 /* SFSafariViewController+Rx.swift in Sources */,
				E023CBAF1E963AC400F91145 /* ObservableType+Ex.swift in Sources */,
				E0F768A41F18580D00993490 /* Asuha.swift in Sources */,
				E0CBBA731ECFB44000EA6108 /* UIApplication+Ex.swift in Sources */,
				E023CBB11E963E3700F91145 /* AnyOptional.swift in Sources */,
				E0443BB01E8FA0D6003457DF /* UICollectionView+Ex.swift in Sources */,
				E023CBBE1E964CE300F91145 /* URL+Ex.swift in Sources */,
				E0443BB21E8FA0D6003457DF /* UIImageView+Ex.swift in Sources */,
				E0443BB51E8FA254003457DF /* UIView+Ex.swift in Sources */,
				E0CBBA781ECFBAAA00EA6108 /* Undefined.swift in Sources */,
				E0443BBF1E8FA546003457DF /* Dictionary+Ex.swift in Sources */,
				E023CBB81E963EEB00F91145 /* SFSafariViewController+Ex.swift in Sources */,
				E023CBAA1E963A3000F91145 /* NSObject+Rx.swift in Sources */,
			);
			runOnlyForDeploymentPostprocessing = 0;
		};
		E0443B891E8F9EDE003457DF /* Sources */ = {
			isa = PBXSourcesBuildPhase;
			buildActionMask = 2147483647;
			files = (
				E09329341ED9713300F2EEB5 /* RxCocoa.framework in Sources */,
				E0443B931E8F9EDE003457DF /* AsuhaTests.swift in Sources */,
			);
			runOnlyForDeploymentPostprocessing = 0;
		};
/* End PBXSourcesBuildPhase section */

/* Begin PBXTargetDependency section */
		E0443B901E8F9EDE003457DF /* PBXTargetDependency */ = {
			isa = PBXTargetDependency;
			target = E0443B831E8F9EDE003457DF /* Asuha */;
			targetProxy = E0443B8F1E8F9EDE003457DF /* PBXContainerItemProxy */;
		};
/* End PBXTargetDependency section */

/* Begin XCBuildConfiguration section */
		E0443B961E8F9EDE003457DF /* Debug */ = {
			isa = XCBuildConfiguration;
			buildSettings = {
				ALWAYS_SEARCH_USER_PATHS = NO;
				CLANG_ANALYZER_NONNULL = YES;
				CLANG_CXX_LANGUAGE_STANDARD = "gnu++0x";
				CLANG_CXX_LIBRARY = "libc++";
				CLANG_ENABLE_MODULES = YES;
				CLANG_ENABLE_OBJC_ARC = YES;
				CLANG_WARN_BLOCK_CAPTURE_AUTORELEASING = YES;
				CLANG_WARN_BOOL_CONVERSION = YES;
				CLANG_WARN_COMMA = YES;
				CLANG_WARN_CONSTANT_CONVERSION = YES;
				CLANG_WARN_DIRECT_OBJC_ISA_USAGE = YES_ERROR;
				CLANG_WARN_DOCUMENTATION_COMMENTS = YES;
				CLANG_WARN_EMPTY_BODY = YES;
				CLANG_WARN_ENUM_CONVERSION = YES;
				CLANG_WARN_INFINITE_RECURSION = YES;
				CLANG_WARN_INT_CONVERSION = YES;
				CLANG_WARN_NON_LITERAL_NULL_CONVERSION = YES;
				CLANG_WARN_OBJC_LITERAL_CONVERSION = YES;
				CLANG_WARN_OBJC_ROOT_CLASS = YES_ERROR;
				CLANG_WARN_RANGE_LOOP_ANALYSIS = YES;
				CLANG_WARN_STRICT_PROTOTYPES = YES;
				CLANG_WARN_SUSPICIOUS_MOVE = YES;
				CLANG_WARN_UNREACHABLE_CODE = YES;
				CLANG_WARN__DUPLICATE_METHOD_MATCH = YES;
				"CODE_SIGN_IDENTITY[sdk=iphoneos*]" = "iPhone Developer";
				COPY_PHASE_STRIP = NO;
				CURRENT_PROJECT_VERSION = 1;
				DEBUG_INFORMATION_FORMAT = dwarf;
				ENABLE_STRICT_OBJC_MSGSEND = YES;
				ENABLE_TESTABILITY = YES;
				GCC_C_LANGUAGE_STANDARD = gnu99;
				GCC_DYNAMIC_NO_PIC = NO;
				GCC_NO_COMMON_BLOCKS = YES;
				GCC_OPTIMIZATION_LEVEL = 0;
				GCC_PREPROCESSOR_DEFINITIONS = (
					"DEBUG=1",
					"$(inherited)",
				);
				GCC_WARN_64_TO_32_BIT_CONVERSION = YES;
				GCC_WARN_ABOUT_RETURN_TYPE = YES_ERROR;
				GCC_WARN_UNDECLARED_SELECTOR = YES;
				GCC_WARN_UNINITIALIZED_AUTOS = YES_AGGRESSIVE;
				GCC_WARN_UNUSED_FUNCTION = YES;
				GCC_WARN_UNUSED_VARIABLE = YES;
				IPHONEOS_DEPLOYMENT_TARGET = 10.2;
				MTL_ENABLE_DEBUG_INFO = YES;
				ONLY_ACTIVE_ARCH = YES;
				SDKROOT = iphoneos;
				SWIFT_ACTIVE_COMPILATION_CONDITIONS = DEBUG;
				SWIFT_OPTIMIZATION_LEVEL = "-Onone";
				TARGETED_DEVICE_FAMILY = "1,2";
				VERSIONING_SYSTEM = "apple-generic";
				VERSION_INFO_PREFIX = "";
			};
			name = Debug;
		};
		E0443B971E8F9EDE003457DF /* Release */ = {
			isa = XCBuildConfiguration;
			buildSettings = {
				ALWAYS_SEARCH_USER_PATHS = NO;
				CLANG_ANALYZER_NONNULL = YES;
				CLANG_CXX_LANGUAGE_STANDARD = "gnu++0x";
				CLANG_CXX_LIBRARY = "libc++";
				CLANG_ENABLE_MODULES = YES;
				CLANG_ENABLE_OBJC_ARC = YES;
				CLANG_WARN_BLOCK_CAPTURE_AUTORELEASING = YES;
				CLANG_WARN_BOOL_CONVERSION = YES;
				CLANG_WARN_COMMA = YES;
				CLANG_WARN_CONSTANT_CONVERSION = YES;
				CLANG_WARN_DIRECT_OBJC_ISA_USAGE = YES_ERROR;
				CLANG_WARN_DOCUMENTATION_COMMENTS = YES;
				CLANG_WARN_EMPTY_BODY = YES;
				CLANG_WARN_ENUM_CONVERSION = YES;
				CLANG_WARN_INFINITE_RECURSION = YES;
				CLANG_WARN_INT_CONVERSION = YES;
				CLANG_WARN_NON_LITERAL_NULL_CONVERSION = YES;
				CLANG_WARN_OBJC_LITERAL_CONVERSION = YES;
				CLANG_WARN_OBJC_ROOT_CLASS = YES_ERROR;
				CLANG_WARN_RANGE_LOOP_ANALYSIS = YES;
				CLANG_WARN_STRICT_PROTOTYPES = YES;
				CLANG_WARN_SUSPICIOUS_MOVE = YES;
				CLANG_WARN_UNREACHABLE_CODE = YES;
				CLANG_WARN__DUPLICATE_METHOD_MATCH = YES;
				"CODE_SIGN_IDENTITY[sdk=iphoneos*]" = "iPhone Developer";
				COPY_PHASE_STRIP = NO;
				CURRENT_PROJECT_VERSION = 1;
				DEBUG_INFORMATION_FORMAT = "dwarf-with-dsym";
				ENABLE_NS_ASSERTIONS = NO;
				ENABLE_STRICT_OBJC_MSGSEND = YES;
				GCC_C_LANGUAGE_STANDARD = gnu99;
				GCC_NO_COMMON_BLOCKS = YES;
				GCC_WARN_64_TO_32_BIT_CONVERSION = YES;
				GCC_WARN_ABOUT_RETURN_TYPE = YES_ERROR;
				GCC_WARN_UNDECLARED_SELECTOR = YES;
				GCC_WARN_UNINITIALIZED_AUTOS = YES_AGGRESSIVE;
				GCC_WARN_UNUSED_FUNCTION = YES;
				GCC_WARN_UNUSED_VARIABLE = YES;
				IPHONEOS_DEPLOYMENT_TARGET = 10.2;
				MTL_ENABLE_DEBUG_INFO = NO;
				SDKROOT = iphoneos;
				SWIFT_OPTIMIZATION_LEVEL = "-Owholemodule";
				TARGETED_DEVICE_FAMILY = "1,2";
				VALIDATE_PRODUCT = YES;
				VERSIONING_SYSTEM = "apple-generic";
				VERSION_INFO_PREFIX = "";
			};
			name = Release;
		};
		E0443B991E8F9EDE003457DF /* Debug */ = {
			isa = XCBuildConfiguration;
			buildSettings = {
				CLANG_ENABLE_MODULES = YES;
				CODE_SIGN_IDENTITY = "";
				DEFINES_MODULE = YES;
				DEVELOPMENT_TEAM = K677BRB35L;
				DYLIB_COMPATIBILITY_VERSION = 1;
				DYLIB_CURRENT_VERSION = 1;
				DYLIB_INSTALL_NAME_BASE = "@rpath";
				FRAMEWORK_SEARCH_PATHS = (
					"$(inherited)",
					"$(PROJECT_DIR)/Carthage/Build/iOS",
				);
				INFOPLIST_FILE = Asuha/Info.plist;
				INSTALL_PATH = "$(LOCAL_LIBRARY_DIR)/Frameworks";
				IPHONEOS_DEPLOYMENT_TARGET = 9.3;
				LD_RUNPATH_SEARCH_PATHS = "$(inherited) @executable_path/Frameworks @loader_path/Frameworks";
				PRODUCT_BUNDLE_IDENTIFIER = bangohan.Asuha;
				PRODUCT_NAME = "$(TARGET_NAME)";
				SKIP_INSTALL = YES;
				SWIFT_OPTIMIZATION_LEVEL = "-Onone";
				SWIFT_SWIFT3_OBJC_INFERENCE = On;
				SWIFT_VERSION = 4.0;
			};
			name = Debug;
		};
		E0443B9A1E8F9EDE003457DF /* Release */ = {
			isa = XCBuildConfiguration;
			buildSettings = {
				CLANG_ENABLE_MODULES = YES;
				CODE_SIGN_IDENTITY = "";
				DEFINES_MODULE = YES;
				DEVELOPMENT_TEAM = K677BRB35L;
				DYLIB_COMPATIBILITY_VERSION = 1;
				DYLIB_CURRENT_VERSION = 1;
				DYLIB_INSTALL_NAME_BASE = "@rpath";
				FRAMEWORK_SEARCH_PATHS = (
					"$(inherited)",
					"$(PROJECT_DIR)/Carthage/Build/iOS",
				);
				INFOPLIST_FILE = Asuha/Info.plist;
				INSTALL_PATH = "$(LOCAL_LIBRARY_DIR)/Frameworks";
				IPHONEOS_DEPLOYMENT_TARGET = 9.3;
				LD_RUNPATH_SEARCH_PATHS = "$(inherited) @executable_path/Frameworks @loader_path/Frameworks";
				PRODUCT_BUNDLE_IDENTIFIER = bangohan.Asuha;
				PRODUCT_NAME = "$(TARGET_NAME)";
				SKIP_INSTALL = YES;
				SWIFT_SWIFT3_OBJC_INFERENCE = On;
				SWIFT_VERSION = 4.0;
			};
			name = Release;
		};
		E0443B9C1E8F9EDE003457DF /* Debug */ = {
			isa = XCBuildConfiguration;
			buildSettings = {
				ALWAYS_EMBED_SWIFT_STANDARD_LIBRARIES = YES;
				DEVELOPMENT_TEAM = K677BRB35L;
				FRAMEWORK_SEARCH_PATHS = (
					"$(inherited)",
					"$(PROJECT_DIR)/Carthage/Build/iOS",
				);
				INFOPLIST_FILE = AsuhaTests/Info.plist;
				LD_RUNPATH_SEARCH_PATHS = "$(inherited) @executable_path/Frameworks @loader_path/Frameworks";
				PRODUCT_BUNDLE_IDENTIFIER = bangohan.AsuhaTests;
				PRODUCT_NAME = "$(TARGET_NAME)";
				SWIFT_SWIFT3_OBJC_INFERENCE = On;
				SWIFT_VERSION = 4.0;
			};
			name = Debug;
		};
		E0443B9D1E8F9EDE003457DF /* Release */ = {
			isa = XCBuildConfiguration;
			buildSettings = {
				ALWAYS_EMBED_SWIFT_STANDARD_LIBRARIES = YES;
				DEVELOPMENT_TEAM = K677BRB35L;
				FRAMEWORK_SEARCH_PATHS = (
					"$(inherited)",
					"$(PROJECT_DIR)/Carthage/Build/iOS",
				);
				INFOPLIST_FILE = AsuhaTests/Info.plist;
				LD_RUNPATH_SEARCH_PATHS = "$(inherited) @executable_path/Frameworks @loader_path/Frameworks";
				PRODUCT_BUNDLE_IDENTIFIER = bangohan.AsuhaTests;
				PRODUCT_NAME = "$(TARGET_NAME)";
				SWIFT_SWIFT3_OBJC_INFERENCE = On;
				SWIFT_VERSION = 4.0;
			};
			name = Release;
		};
/* End XCBuildConfiguration section */

/* Begin XCConfigurationList section */
		E0443B7E1E8F9EDE003457DF /* Build configuration list for PBXProject "Asuha" */ = {
			isa = XCConfigurationList;
			buildConfigurations = (
				E0443B961E8F9EDE003457DF /* Debug */,
				E0443B971E8F9EDE003457DF /* Release */,
			);
			defaultConfigurationIsVisible = 0;
			defaultConfigurationName = Release;
		};
		E0443B981E8F9EDE003457DF /* Build configuration list for PBXNativeTarget "Asuha" */ = {
			isa = XCConfigurationList;
			buildConfigurations = (
				E0443B991E8F9EDE003457DF /* Debug */,
				E0443B9A1E8F9EDE003457DF /* Release */,
			);
			defaultConfigurationIsVisible = 0;
			defaultConfigurationName = Release;
		};
		E0443B9B1E8F9EDE003457DF /* Build configuration list for PBXNativeTarget "AsuhaTests" */ = {
			isa = XCConfigurationList;
			buildConfigurations = (
				E0443B9C1E8F9EDE003457DF /* Debug */,
				E0443B9D1E8F9EDE003457DF /* Release */,
			);
			defaultConfigurationIsVisible = 0;
			defaultConfigurationName = Release;
		};
/* End XCConfigurationList section */
	};
	rootObject = E0443B7B1E8F9EDE003457DF /* Project object */;
}
